Microsoft Visual Studio Solution File, Format Version 11.00
# Visual Studio 2008

Project("{FDF4D875-3989-F0CE-FADE-69467B1A5E2C}") = "Kodemat2014", "Assembly-CSharp-firstpass.csproj", "{ACC033A2-E207-6ED1-E94C-43E456DC8756}"
EndProject
Project("{FDF4D875-3989-F0CE-FADE-69467B1A5E2C}") = "Kodemat2014", "Assembly-CSharp.csproj", "{1A5F77F5-D280-B997-4C30-E2BCE2E44FF0}"
EndProject
Project("{FDF4D875-3989-F0CE-FADE-69467B1A5E2C}") = "Kodemat2014", "Assembly-CSharp-Editor.csproj", "{B4F97BEA-0F63-D96A-B9D8-C155A8739B2E}"
EndProject
Project("{FDF4D875-3989-F0CE-FADE-69467B1A5E2C}") = "Kodemat2014", "Assembly-UnityScript-firstpass.unityproj", "{5F27B42A-DF18-620D-BEFA-7FBEF06A91C7}"
EndProject
Global
	GlobalSection(SolutionConfigurationPlatforms) = preSolution
		Debug|Any CPU = Debug|Any CPU
		Release|Any CPU = Release|Any CPU
	EndGlobalSection
	GlobalSection(ProjectConfigurationPlatforms) = postSolution
		{ACC033A2-E207-6ED1-E94C-43E456DC8756}.Debug|Any CPU.ActiveCfg = Debug|Any CPU
		{ACC033A2-E207-6ED1-E94C-43E456DC8756}.Debug|Any CPU.Build.0 = Debug|Any CPU
		{ACC033A2-E207-6ED1-E94C-43E456DC8756}.Release|Any CPU.ActiveCfg = Release|Any CPU
		{ACC033A2-E207-6ED1-E94C-43E456DC8756}.Release|Any CPU.Build.0 = Release|Any CPU
		{1A5F77F5-D280-B997-4C30-E2BCE2E44FF0}.Debug|Any CPU.ActiveCfg = Debug|Any CPU
		{1A5F77F5-D280-B997-4C30-E2BCE2E44FF0}.Debug|Any CPU.Build.0 = Debug|Any CPU
		{1A5F77F5-D280-B997-4C30-E2BCE2E44FF0}.Release|Any CPU.ActiveCfg = Release|Any CPU
		{1A5F77F5-D280-B997-4C30-E2BCE2E44FF0}.Release|Any CPU.Build.0 = Release|Any CPU
		{B4F97BEA-0F63-D96A-B9D8-C155A8739B2E}.Debug|Any CPU.ActiveCfg = Debug|Any CPU
		{B4F97BEA-0F63-D96A-B9D8-C155A8739B2E}.Debug|Any CPU.Build.0 = Debug|Any CPU
		{B4F97BEA-0F63-D96A-B9D8-C155A8739B2E}.Release|Any CPU.ActiveCfg = Release|Any CPU
		{B4F97BEA-0F63-D96A-B9D8-C155A8739B2E}.Release|Any CPU.Build.0 = Release|Any CPU
		{5F27B42A-DF18-620D-BEFA-7FBEF06A91C7}.Debug|Any CPU.ActiveCfg = Debug|Any CPU
		{5F27B42A-DF18-620D-BEFA-7FBEF06A91C7}.Debug|Any CPU.Build.0 = Debug|Any CPU
		{5F27B42A-DF18-620D-BEFA-7FBEF06A91C7}.Release|Any CPU.ActiveCfg = Release|Any CPU
		{5F27B42A-DF18-620D-BEFA-7FBEF06A91C7}.Release|Any CPU.Build.0 = Release|Any CPU
	EndGlobalSection
	GlobalSection(SolutionProperties) = preSolution
		HideSolutionNode = FALSE
	EndGlobalSection
																																				GlobalSection(MonoDevelopProperties) = preSolution
		StartupItem = Assembly-CSharp.csproj
		Policies = $0
		$0.TextStylePolicy = $1
		$1.inheritsSet = null
		$1.scope = text/x-csharp
		$0.CSharpFormattingPolicy = $2
		$2.inheritsSet = Mono
		$2.inheritsScope = text/x-csharp
		$2.scope = text/x-csharp
		$0.TextStylePolicy = $3
		$3.FileWidth = 120
		$3.TabWidth = 4
		$3.EolMarker = Unix
		$3.inheritsSet = Mono
		$3.inheritsScope = text/plain
		$3.scope = text/plain
	EndGlobalSection

EndGlobal
